{
  "name": "04-npm-library",
  "version": "1.0.0",
  "lockfileVersion": 3,
  "requires": true,
  "packages": {
    "": {
      "name": "04-npm-library",
      "version": "1.0.0",
      "license": "ISC",
      "dependencies": {
        "04-npm-library": "^1.0.0"
      }
    },
    "node_modules/04-npm-library": {
      "version": "1.0.0",
      "resolved": "https://registry.npmjs.org/04-npm-library/-/04-npm-library-1.0.0.tgz",
      "integrity": "sha512-+uoEpoPWc/6dsmitXsevqZIMhIOvZJM3UP+zK3cmnS3WGq7Uk636kAXi7mQhQJERfwp9Uct3DZOyjYyUds3zPw==",
      "license": "ISC"
    }
  }
}
